{
  "name": "action-set-json-field",
  "version": "1.0.0",
  "lockfileVersion": 2,
  "requires": true,
  "packages": {
    "": {
      "version": "1.0.0",
      "license": "MIT",
      "dependencies": {
        "@actions/core": "^1.2.3"
      },
      "devDependencies": {
        "@types/node": "^15.0.1",
        "@vercel/ncc": "^0.28.3"
      }
    },
    "node_modules/@actions/core": {
      "version": "1.2.7",
      "resolved": "https://registry.npmjs.org/@actions/core/-/core-1.2.7.tgz",
      "integrity": "sha512-kzLFD5BgEvq6ubcxdgPbRKGD2Qrgya/5j+wh4LZzqT915I0V3rED+MvjH6NXghbvk1MXknpNNQ3uKjXSEN00Ig=="
    },
    "node_modules/@types/node": {
      "version": "15.0.1",
      "resolved": "https://registry.npmjs.org/@types/node/-/node-15.0.1.tgz",
      "integrity": "sha512-TMkXt0Ck1y0KKsGr9gJtWGjttxlZnnvDtphxUOSd0bfaR6Q1jle+sPvrzNR1urqYTWMinoKvjKfXUGsumaO1PA==",
      "dev": true
    },
    "node_modules/@vercel/ncc": {
      "version": "0.28.3",
      "resolved": "https://registry.npmjs.org/@vercel/ncc/-/ncc-0.28.3.tgz",
      "integrity": "sha512-g3gk4D9itbhUQa5MtN7TOdeoQnNLkPDCox5SBaQ/H3Or5lo59TOaZWrLb+x47StiAJ+8DXZS/9MJ67cIBWSsRw==",
      "dev": true,
      "bin": {
        "ncc": "dist/ncc/cli.js"
      }
    }
  },
  "dependencies": {
    "@actions/core": {
      "version": "1.2.7",
      "resolved": "https://registry.npmjs.org/@actions/core/-/core-1.2.7.tgz",
      "integrity": "sha512-kzLFD5BgEvq6ubcxdgPbRKGD2Qrgya/5j+wh4LZzqT915I0V3rED+MvjH6NXghbvk1MXknpNNQ3uKjXSEN00Ig=="
    },
    "@types/node": {
      "version": "15.0.1",
      "resolved": "https://registry.npmjs.org/@types/node/-/node-15.0.1.tgz",
      "integrity": "sha512-TMkXt0Ck1y0KKsGr9gJtWGjttxlZnnvDtphxUOSd0bfaR6Q1jle+sPvrzNR1urqYTWMinoKvjKfXUGsumaO1PA==",
      "dev": true
    },
    "@vercel/ncc": {
      "version": "0.28.3",
      "resolved": "https://registry.npmjs.org/@vercel/ncc/-/ncc-0.28.3.tgz",
      "integrity": "sha512-g3gk4D9itbhUQa5MtN7TOdeoQnNLkPDCox5SBaQ/H3Or5lo59TOaZWrLb+x47StiAJ+8DXZS/9MJ67cIBWSsRw==",
      "dev": true
    }
  }
}
